
Microsoft Visual Studio Solution File, Format Version 12.00
# Visual Studio Version 16
VisualStudioVersion = 16.0.30611.23
MinimumVisualStudioVersion = 10.0.40219.1
Project("{FAE04EC0-301F-11D3-BF4B-00C04F79EFBC}") = "Datalagring_uppgift1", "Datalagring_uppgift1\Datalagring_uppgift1.csproj", "{6E1D72EE-05F1-4569-B0C5-6EC9665E65CB}"
EndProject
Global
	GlobalSection(SolutionConfigurationPlatforms) = preSolution
		Debug|ARM = Debug|ARM
		Debug|ARM64 = Debug|ARM64
		Debug|x64 = Debug|x64
		Debug|x86 = Debug|x86
		Release|ARM = Release|ARM
		Release|ARM64 = Release|ARM64
		Release|x64 = Release|x64
		Release|x86 = Release|x86
	EndGlobalSection
	GlobalSection(ProjectConfigurationPlatforms) = postSolution
		{6E1D72EE-05F1-4569-B0C5-6EC9665E65CB}.Debug|ARM.ActiveCfg = Debug|ARM
		{6E1D72EE-05F1-4569-B0C5-6EC9665E65CB}.Debug|ARM.Build.0 = Debug|ARM
		{6E1D72EE-05F1-4569-B0C5-6EC9665E65CB}.Debug|ARM.Deploy.0 = Debug|ARM
		{6E1D72EE-05F1-4569-B0C5-6EC9665E65CB}.Debug|ARM64.ActiveCfg = Debug|ARM64
		{6E1D72EE-05F1-4569-B0C5-6EC9665E65CB}.Debug|ARM64.Build.0 = Debug|ARM64
		{6E1D72EE-05F1-4569-B0C5-6EC9665E65CB}.Debug|ARM64.Deploy.0 = Debug|ARM64
		{6E1D72EE-05F1-4569-B0C5-6EC9665E65CB}.Debug|x64.ActiveCfg = Debug|x64
		{6E1D72EE-05F1-4569-B0C5-6EC9665E65CB}.Debug|x64.Build.0 = Debug|x64
		{6E1D72EE-05F1-4569-B0C5-6EC9665E65CB}.Debug|x64.Deploy.0 = Debug|x64
		{6E1D72EE-05F1-4569-B0C5-6EC9665E65CB}.Debug|x86.ActiveCfg = Debug|x86
		{6E1D72EE-05F1-4569-B0C5-6EC9665E65CB}.Debug|x86.Build.0 = Debug|x86
		{6E1D72EE-05F1-4569-B0C5-6EC9665E65CB}.Debug|x86.Deploy.0 = Debug|x86
		{6E1D72EE-05F1-4569-B0C5-6EC9665E65CB}.Release|ARM.ActiveCfg = Release|ARM
		{6E1D72EE-05F1-4569-B0C5-6EC9665E65CB}.Release|ARM.Build.0 = Release|ARM
		{6E1D72EE-05F1-4569-B0C5-6EC9665E65CB}.Release|ARM.Deploy.0 = Release|ARM
		{6E1D72EE-05F1-4569-B0C5-6EC9665E65CB}.Release|ARM64.ActiveCfg = Release|ARM64
		{6E1D72EE-05F1-4569-B0C5-6EC9665E65CB}.Release|ARM64.Build.0 = Release|ARM64
		{6E1D72EE-05F1-4569-B0C5-6EC9665E65CB}.Release|ARM64.Deploy.0 = Release|ARM64
		{6E1D72EE-05F1-4569-B0C5-6EC9665E65CB}.Release|x64.ActiveCfg = Release|x64
		{6E1D72EE-05F1-4569-B0C5-6EC9665E65CB}.Release|x64.Build.0 = Release|x64
		{6E1D72EE-05F1-4569-B0C5-6EC9665E65CB}.Release|x64.Deploy.0 = Release|x64
		{6E1D72EE-05F1-4569-B0C5-6EC9665E65CB}.Release|x86.ActiveCfg = Release|x86
		{6E1D72EE-05F1-4569-B0C5-6EC9665E65CB}.Release|x86.Build.0 = Release|x86
		{6E1D72EE-05F1-4569-B0C5-6EC9665E65CB}.Release|x86.Deploy.0 = Release|x86
	EndGlobalSection
	GlobalSection(SolutionProperties) = preSolution
		HideSolutionNode = FALSE
	EndGlobalSection
	GlobalSection(ExtensibilityGlobals) = postSolution
		SolutionGuid = {CE005C19-7482-498B-AA77-13F126A54DEA}
	EndGlobalSection
EndGlobal
